
Microsoft Visual Studio Solution File, Format Version 12.00
# Visual Studio 2012
Project("{FAE04EC0-301F-11D3-BF4B-00C04F79EFBC}") = "RpgGame", "RpgGame\RpgGame\RpgGame.csproj", "{90F95498-18D8-41A4-B139-4CE7B0D21AE7}"
	ProjectSection(ProjectDependencies) = postProject
		{453F231D-2F9D-4DAF-8C58-E858A925F234} = {453F231D-2F9D-4DAF-8C58-E858A925F234}
		{51A3A76D-6B62-4A90-A95D-C1C2736A3543} = {51A3A76D-6B62-4A90-A95D-C1C2736A3543}
		{A20E0DB5-3DF3-4B0C-8CFC-A6FDE195AE6C} = {A20E0DB5-3DF3-4B0C-8CFC-A6FDE195AE6C}
	EndProjectSection
EndProject
Project("{FAE04EC0-301F-11D3-BF4B-00C04F79EFBC}") = "RpgGameContent", "RpgGame\RpgGameContent\RpgGameContent.contentproj", "{D487BF63-9B0A-4BD8-954E-23C3B8DA1CBD}"
EndProject
Project("{FAE04EC0-301F-11D3-BF4B-00C04F79EFBC}") = "GameWorld Importer", "GameWorld Importer\GameWorld Importer.csproj", "{453F231D-2F9D-4DAF-8C58-E858A925F234}"
EndProject
Project("{FAE04EC0-301F-11D3-BF4B-00C04F79EFBC}") = "Animation Importer", "Animation Importer\Animation Importer.csproj", "{A20E0DB5-3DF3-4B0C-8CFC-A6FDE195AE6C}"
EndProject
Project("{FAE04EC0-301F-11D3-BF4B-00C04F79EFBC}") = "ConsoleContext", "ConsoleContext\ConsoleContext.csproj", "{A5F174F3-BE4A-451A-AA7F-685E13C6FAC4}"
EndProject
Project("{FAE04EC0-301F-11D3-BF4B-00C04F79EFBC}") = "Dialog Importer", "Dialog Importer\Dialog Importer.csproj", "{51A3A76D-6B62-4A90-A95D-C1C2736A3543}"
EndProject
Global
	GlobalSection(SolutionConfigurationPlatforms) = preSolution
		Debug|Any CPU = Debug|Any CPU
		Debug|Mixed Platforms = Debug|Mixed Platforms
		Debug|x86 = Debug|x86
		Release|Any CPU = Release|Any CPU
		Release|Mixed Platforms = Release|Mixed Platforms
		Release|x86 = Release|x86
	EndGlobalSection
	GlobalSection(ProjectConfigurationPlatforms) = postSolution
		{90F95498-18D8-41A4-B139-4CE7B0D21AE7}.Debug|Any CPU.ActiveCfg = Debug|x86
		{90F95498-18D8-41A4-B139-4CE7B0D21AE7}.Debug|Mixed Platforms.ActiveCfg = Debug|x86
		{90F95498-18D8-41A4-B139-4CE7B0D21AE7}.Debug|Mixed Platforms.Build.0 = Debug|x86
		{90F95498-18D8-41A4-B139-4CE7B0D21AE7}.Debug|x86.ActiveCfg = Debug|x86
		{90F95498-18D8-41A4-B139-4CE7B0D21AE7}.Debug|x86.Build.0 = Debug|x86
		{90F95498-18D8-41A4-B139-4CE7B0D21AE7}.Release|Any CPU.ActiveCfg = Release|x86
		{90F95498-18D8-41A4-B139-4CE7B0D21AE7}.Release|Mixed Platforms.ActiveCfg = Release|x86
		{90F95498-18D8-41A4-B139-4CE7B0D21AE7}.Release|Mixed Platforms.Build.0 = Release|x86
		{90F95498-18D8-41A4-B139-4CE7B0D21AE7}.Release|x86.ActiveCfg = Release|x86
		{90F95498-18D8-41A4-B139-4CE7B0D21AE7}.Release|x86.Build.0 = Release|x86
		{D487BF63-9B0A-4BD8-954E-23C3B8DA1CBD}.Debug|Any CPU.ActiveCfg = Debug|x86
		{D487BF63-9B0A-4BD8-954E-23C3B8DA1CBD}.Debug|Mixed Platforms.ActiveCfg = Debug|x86
		{D487BF63-9B0A-4BD8-954E-23C3B8DA1CBD}.Debug|x86.ActiveCfg = Debug|x86
		{D487BF63-9B0A-4BD8-954E-23C3B8DA1CBD}.Release|Any CPU.ActiveCfg = Release|x86
		{D487BF63-9B0A-4BD8-954E-23C3B8DA1CBD}.Release|Mixed Platforms.ActiveCfg = Release|x86
		{D487BF63-9B0A-4BD8-954E-23C3B8DA1CBD}.Release|x86.ActiveCfg = Release|x86
		{453F231D-2F9D-4DAF-8C58-E858A925F234}.Debug|Any CPU.ActiveCfg = Debug|x86
		{453F231D-2F9D-4DAF-8C58-E858A925F234}.Debug|Any CPU.Build.0 = Debug|x86
		{453F231D-2F9D-4DAF-8C58-E858A925F234}.Debug|Mixed Platforms.ActiveCfg = Debug|x86
		{453F231D-2F9D-4DAF-8C58-E858A925F234}.Debug|Mixed Platforms.Build.0 = Debug|x86
		{453F231D-2F9D-4DAF-8C58-E858A925F234}.Debug|x86.ActiveCfg = Debug|x86
		{453F231D-2F9D-4DAF-8C58-E858A925F234}.Debug|x86.Build.0 = Debug|x86
		{453F231D-2F9D-4DAF-8C58-E858A925F234}.Release|Any CPU.ActiveCfg = Debug|x86
		{453F231D-2F9D-4DAF-8C58-E858A925F234}.Release|Any CPU.Build.0 = Debug|x86
		{453F231D-2F9D-4DAF-8C58-E858A925F234}.Release|Mixed Platforms.ActiveCfg = Debug|x86
		{453F231D-2F9D-4DAF-8C58-E858A925F234}.Release|Mixed Platforms.Build.0 = Debug|x86
		{453F231D-2F9D-4DAF-8C58-E858A925F234}.Release|x86.ActiveCfg = Debug|x86
		{453F231D-2F9D-4DAF-8C58-E858A925F234}.Release|x86.Build.0 = Debug|x86
		{A20E0DB5-3DF3-4B0C-8CFC-A6FDE195AE6C}.Debug|Any CPU.ActiveCfg = Debug|x86
		{A20E0DB5-3DF3-4B0C-8CFC-A6FDE195AE6C}.Debug|Any CPU.Build.0 = Debug|x86
		{A20E0DB5-3DF3-4B0C-8CFC-A6FDE195AE6C}.Debug|Mixed Platforms.ActiveCfg = Debug|x86
		{A20E0DB5-3DF3-4B0C-8CFC-A6FDE195AE6C}.Debug|Mixed Platforms.Build.0 = Debug|x86
		{A20E0DB5-3DF3-4B0C-8CFC-A6FDE195AE6C}.Debug|x86.ActiveCfg = Debug|x86
		{A20E0DB5-3DF3-4B0C-8CFC-A6FDE195AE6C}.Debug|x86.Build.0 = Debug|x86
		{A20E0DB5-3DF3-4B0C-8CFC-A6FDE195AE6C}.Release|Any CPU.ActiveCfg = Debug|x86
		{A20E0DB5-3DF3-4B0C-8CFC-A6FDE195AE6C}.Release|Any CPU.Build.0 = Debug|x86
		{A20E0DB5-3DF3-4B0C-8CFC-A6FDE195AE6C}.Release|Mixed Platforms.ActiveCfg = Debug|x86
		{A20E0DB5-3DF3-4B0C-8CFC-A6FDE195AE6C}.Release|Mixed Platforms.Build.0 = Debug|x86
		{A20E0DB5-3DF3-4B0C-8CFC-A6FDE195AE6C}.Release|x86.ActiveCfg = Debug|x86
		{A20E0DB5-3DF3-4B0C-8CFC-A6FDE195AE6C}.Release|x86.Build.0 = Debug|x86
		{A5F174F3-BE4A-451A-AA7F-685E13C6FAC4}.Debug|Any CPU.ActiveCfg = Debug|Any CPU
		{A5F174F3-BE4A-451A-AA7F-685E13C6FAC4}.Debug|Any CPU.Build.0 = Debug|Any CPU
		{A5F174F3-BE4A-451A-AA7F-685E13C6FAC4}.Debug|Mixed Platforms.ActiveCfg = Debug|Any CPU
		{A5F174F3-BE4A-451A-AA7F-685E13C6FAC4}.Debug|Mixed Platforms.Build.0 = Debug|Any CPU
		{A5F174F3-BE4A-451A-AA7F-685E13C6FAC4}.Debug|x86.ActiveCfg = Debug|Any CPU
		{A5F174F3-BE4A-451A-AA7F-685E13C6FAC4}.Release|Any CPU.ActiveCfg = Release|Any CPU
		{A5F174F3-BE4A-451A-AA7F-685E13C6FAC4}.Release|Any CPU.Build.0 = Release|Any CPU
		{A5F174F3-BE4A-451A-AA7F-685E13C6FAC4}.Release|Mixed Platforms.ActiveCfg = Release|Any CPU
		{A5F174F3-BE4A-451A-AA7F-685E13C6FAC4}.Release|Mixed Platforms.Build.0 = Release|Any CPU
		{A5F174F3-BE4A-451A-AA7F-685E13C6FAC4}.Release|x86.ActiveCfg = Release|Any CPU
		{51A3A76D-6B62-4A90-A95D-C1C2736A3543}.Debug|Any CPU.ActiveCfg = Debug|x86
		{51A3A76D-6B62-4A90-A95D-C1C2736A3543}.Debug|Any CPU.Build.0 = Debug|x86
		{51A3A76D-6B62-4A90-A95D-C1C2736A3543}.Debug|Mixed Platforms.ActiveCfg = Debug|x86
		{51A3A76D-6B62-4A90-A95D-C1C2736A3543}.Debug|Mixed Platforms.Build.0 = Debug|x86
		{51A3A76D-6B62-4A90-A95D-C1C2736A3543}.Debug|x86.ActiveCfg = Debug|x86
		{51A3A76D-6B62-4A90-A95D-C1C2736A3543}.Debug|x86.Build.0 = Debug|x86
		{51A3A76D-6B62-4A90-A95D-C1C2736A3543}.Release|Any CPU.ActiveCfg = Release|x86
		{51A3A76D-6B62-4A90-A95D-C1C2736A3543}.Release|Any CPU.Build.0 = Release|x86
		{51A3A76D-6B62-4A90-A95D-C1C2736A3543}.Release|Mixed Platforms.ActiveCfg = Release|x86
		{51A3A76D-6B62-4A90-A95D-C1C2736A3543}.Release|Mixed Platforms.Build.0 = Release|x86
		{51A3A76D-6B62-4A90-A95D-C1C2736A3543}.Release|x86.ActiveCfg = Release|x86
		{51A3A76D-6B62-4A90-A95D-C1C2736A3543}.Release|x86.Build.0 = Release|x86
	EndGlobalSection
	GlobalSection(SolutionProperties) = preSolution
		HideSolutionNode = FALSE
	EndGlobalSection
EndGlobal
